
Microsoft Visual Studio Solution File, Format Version 12.00
# Visual Studio Version 16
VisualStudioVersion = 16.0.30611.23
MinimumVisualStudioVersion = 10.0.40219.1
Project("{9A19103F-16F7-4668-BE54-9A1E7A4F7556}") = "Automated_Wedding_Application", "Automated_Wedding_Application.csproj", "{8705B17E-8A76-4EAB-AF61-ABFAF99C1265}"
EndProject
Global
	GlobalSection(SolutionConfigurationPlatforms) = preSolution
		Debug|Any CPU = Debug|Any CPU
		Release|Any CPU = Release|Any CPU
	EndGlobalSection
	GlobalSection(ProjectConfigurationPlatforms) = postSolution
		{8705B17E-8A76-4EAB-AF61-ABFAF99C1265}.Debug|Any CPU.ActiveCfg = Debug|Any CPU
		{8705B17E-8A76-4EAB-AF61-ABFAF99C1265}.Debug|Any CPU.Build.0 = Debug|Any CPU
		{8705B17E-8A76-4EAB-AF61-ABFAF99C1265}.Release|Any CPU.ActiveCfg = Release|Any CPU
		{8705B17E-8A76-4EAB-AF61-ABFAF99C1265}.Release|Any CPU.Build.0 = Release|Any CPU
	EndGlobalSection
	GlobalSection(SolutionProperties) = preSolution
		HideSolutionNode = FALSE
	EndGlobalSection
	GlobalSection(ExtensibilityGlobals) = postSolution
		SolutionGuid = {2455DD37-A19E-438A-A0C1-95327F14E594}
	EndGlobalSection
EndGlobal
